
Microsoft Visual Studio Solution File, Format Version 12.00
# Visual Studio Version 16
VisualStudioVersion = 16.0.30330.147
MinimumVisualStudioVersion = 10.0.40219.1
Project("{FAE04EC0-301F-11D3-BF4B-00C04F79EFBC}") = "Programmer", "Programmer.csproj", "{917791B5-231E-4832-9E8C-FE4E65DAC6FB}"
EndProject
Global
	GlobalSection(SolutionConfigurationPlatforms) = preSolution
		Debug|Any CPU = Debug|Any CPU
		Release|Any CPU = Release|Any CPU
	EndGlobalSection
	GlobalSection(ProjectConfigurationPlatforms) = postSolution
		{917791B5-231E-4832-9E8C-FE4E65DAC6FB}.Debug|Any CPU.ActiveCfg = Debug|Any CPU
		{917791B5-231E-4832-9E8C-FE4E65DAC6FB}.Debug|Any CPU.Build.0 = Debug|Any CPU
		{917791B5-231E-4832-9E8C-FE4E65DAC6FB}.Release|Any CPU.ActiveCfg = Release|Any CPU
		{917791B5-231E-4832-9E8C-FE4E65DAC6FB}.Release|Any CPU.Build.0 = Release|Any CPU
	EndGlobalSection
	GlobalSection(SolutionProperties) = preSolution
		HideSolutionNode = FALSE
	EndGlobalSection
	GlobalSection(ExtensibilityGlobals) = postSolution
		SolutionGuid = {12188F2C-4CF4-42EF-8865-F130D146FADF}
	EndGlobalSection
EndGlobal
